PODS:
  - Cartography (3.0.2)
  - Differentiator (3.0.2)
  - DynamicBlurView (2.0.2)
  - Reachability (3.2)
  - Realm (3.7.5):
    - Realm/Headers (= 3.7.5)
  - Realm/Headers (3.7.5)
  - RealmSwift (3.7.5):
    - Realm (= 3.7.5)
  - RxBlocking (4.2.0):
    - RxSwift (~> 4.0)
  - RxCocoa (4.2.0):
    - RxSwift (~> 4.0)
  - RxDataSources (3.0.2):
    - Differentiator (~> 3.0)
    - RxCocoa (~> 4.0)
    - RxSwift (~> 4.0)
  - RxGesture (1.2.1):
    - RxCocoa (~> 4.0)
    - RxSwift (~> 4.0)
  - RxRealm (0.7.5):
    - RealmSwift (~> 3.0)
    - RxSwift (~> 4.0)
  - RxRealmDataSources (0.2.9):
    - RealmSwift (~> 3.0)
    - RxCocoa (~> 4.0)
    - RxRealm (~> 0.7.3)
    - RxSwift (~> 4.0)
  - RxSwift (4.2.0)
  - RxSwiftUtilities (2.0.1):
    - RxCocoa (~> 4.0)
    - RxSwift (~> 4.0)
  - RxTest (4.2.0):
    - RxSwift (~> 4.0)

DEPENDENCIES:
  - Cartography
  - DynamicBlurView
  - Reachability
  - RealmSwift
  - RxBlocking
  - RxCocoa
  - RxDataSources
  - RxGesture
  - RxRealm
  - RxRealmDataSources
  - RxSwift
  - RxSwiftUtilities
  - RxTest

SPEC REPOS:
  https://github.com/cocoapods/specs.git:
    - Cartography
    - Differentiator
    - DynamicBlurView
    - Reachability
    - Realm
    - RealmSwift
    - RxBlocking
    - RxCocoa
    - RxDataSources
    - RxGesture
    - RxRealm
    - RxRealmDataSources
    - RxSwift
    - RxSwiftUtilities
    - RxTest

SPEC CHECKSUMS:
  Cartography: 231190d7d0b3107ce8d67c54189f059a509b3760
  Differentiator: a87be69eba49ec4ab460c7671143ee3a9eececfd
  DynamicBlurView: aa6db4defc6e537eb86fc5e58dd3991666178399
  Reachability: 33e18b67625424e47b6cde6d202dce689ad7af96
  Realm: c286caf4dbf346ce24aad49ca76c7ce622d4a082
  RealmSwift: 2a9281e37d6de55f66f76254d49d28aeb1b729e4
  RxBlocking: e339d8a6e752e25ade95ff858466c55436668f59
  RxCocoa: 0b54909c902e1e581212a03e690bbd94032d8baa
  RxDataSources: cb7c31e652a87ebb919da45f716bbb87b3765f6b
  RxGesture: c278eb05b187abd47e11e65464ae4de53ab71d95
  RxRealm: a6c6c0a07cb61f34209969ca6657734edfdfff30
  RxRealmDataSources: 798303f1d7db18d80da9e95bab9605010378040e
  RxSwift: 99e10317ddfcc7fbe01356aafd118fde4a0be104
  RxSwiftUtilities: 0edb01ef16c527c10fb352485b62cbd951e4a04d
  RxTest: 8da864c0ee47534f586ff18fb0c7e5b2f1fe5023

PODFILE CHECKSUM: 7095dde10ff3d4f16498ce50a643e47ada9d7693

COCOAPODS: 1.5.3
