// !$*UTF8*$!
{
	archiveVersion = 1;
	classes = {
	};
	objectVersion = 46;
	objects = {

/* Begin PBXBuildFile section */
		456C3AC445D2467351A85848 /* Pods_WeatherRxAbstract_WeatherRxTests.framework in Frameworks */ = {isa = PBXBuildFile; fileRef = A54FC92786D45EEF4C724417 /* Pods_WeatherRxAbstract_WeatherRxTests.framework */; };
		A50D28E620470FE200351630 /* FlickrViewModel.swift in Sources */ = {isa = PBXBuildFile; fileRef = A50D28E520470FE200351630 /* FlickrViewModel.swift */; };
		A50D28E720470FE200351630 /* FlickrViewModel.swift in Sources */ = {isa = PBXBuildFile; fileRef = A50D28E520470FE200351630 /* FlickrViewModel.swift */; };
		A50D28EB20503D5E00351630 /* WeatherViewController.swift in Sources */ = {isa = PBXBuildFile; fileRef = A50D28EA20503D5E00351630 /* WeatherViewController.swift */; };
		A50D28EC20503D5E00351630 /* WeatherViewController.swift in Sources */ = {isa = PBXBuildFile; fileRef = A50D28EA20503D5E00351630 /* WeatherViewController.swift */; };
		A50D28FD2052220900351630 /* FlickrAPIProtocol.swift in Sources */ = {isa = PBXBuildFile; fileRef = A50D28FC2052220900351630 /* FlickrAPIProtocol.swift */; };
		A50D28FE2052220900351630 /* FlickrAPIProtocol.swift in Sources */ = {isa = PBXBuildFile; fileRef = A50D28FC2052220900351630 /* FlickrAPIProtocol.swift */; };
		A5146B661F799A2600EE1DF7 /* AppDelegate.swift in Sources */ = {isa = PBXBuildFile; fileRef = A5146B651F799A2600EE1DF7 /* AppDelegate.swift */; };
		A5146B681F799A2600EE1DF7 /* ViewController.swift in Sources */ = {isa = PBXBuildFile; fileRef = A5146B671F799A2600EE1DF7 /* ViewController.swift */; };
		A5146B6B1F799A2600EE1DF7 /* Main.storyboard in Resources */ = {isa = PBXBuildFile; fileRef = A5146B691F799A2600EE1DF7 /* Main.storyboard */; };
		A5146B6D1F799A2600EE1DF7 /* Assets.xcassets in Resources */ = {isa = PBXBuildFile; fileRef = A5146B6C1F799A2600EE1DF7 /* Assets.xcassets */; };
		A5146B701F799A2600EE1DF7 /* LaunchScreen.storyboard in Resources */ = {isa = PBXBuildFile; fileRef = A5146B6E1F799A2600EE1DF7 /* LaunchScreen.storyboard */; };
		A5146B7B1F799A2600EE1DF7 /* WeatherRxTests.swift in Sources */ = {isa = PBXBuildFile; fileRef = A5146B7A1F799A2600EE1DF7 /* WeatherRxTests.swift */; };
		A5146B8B1F799D7E00EE1DF7 /* Weather.swift in Sources */ = {isa = PBXBuildFile; fileRef = A5146B8A1F799D7E00EE1DF7 /* Weather.swift */; };
		A5146B8C1F799D7E00EE1DF7 /* Weather.swift in Sources */ = {isa = PBXBuildFile; fileRef = A5146B8A1F799D7E00EE1DF7 /* Weather.swift */; };
		A5146B941F7C731F00EE1DF7 /* WeatherTest.swift in Sources */ = {isa = PBXBuildFile; fileRef = A5146B931F7C731F00EE1DF7 /* WeatherTest.swift */; };
		A5146BCB1F7EBB6B00EE1DF7 /* FlickrService.swift in Sources */ = {isa = PBXBuildFile; fileRef = A5146BCA1F7EBB6B00EE1DF7 /* FlickrService.swift */; };
		A5146BCC1F7EBB6B00EE1DF7 /* FlickrService.swift in Sources */ = {isa = PBXBuildFile; fileRef = A5146BCA1F7EBB6B00EE1DF7 /* FlickrService.swift */; };
		A5192BEA20A5222C00C8D483 /* WeatherForecastTableViewController.swift in Sources */ = {isa = PBXBuildFile; fileRef = A5192BE920A5222C00C8D483 /* WeatherForecastTableViewController.swift */; };
		A5192BEB20A5222C00C8D483 /* WeatherForecastTableViewController.swift in Sources */ = {isa = PBXBuildFile; fileRef = A5192BE920A5222C00C8D483 /* WeatherForecastTableViewController.swift */; };
		A5192BED20A6304500C8D483 /* HourlyForcastCell.swift in Sources */ = {isa = PBXBuildFile; fileRef = A5192BEC20A6304500C8D483 /* HourlyForcastCell.swift */; };
		A5192BEE20A6304500C8D483 /* HourlyForcastCell.swift in Sources */ = {isa = PBXBuildFile; fileRef = A5192BEC20A6304500C8D483 /* HourlyForcastCell.swift */; };
		A5192BF320A8ECDD00C8D483 /* CGExtensions.swift in Sources */ = {isa = PBXBuildFile; fileRef = A5192BF220A8ECDD00C8D483 /* CGExtensions.swift */; };
		A5192BF420A8ECDD00C8D483 /* CGExtensions.swift in Sources */ = {isa = PBXBuildFile; fileRef = A5192BF220A8ECDD00C8D483 /* CGExtensions.swift */; };
		A51F452B208D714B00ACCAB7 /* TestData.swift in Sources */ = {isa = PBXBuildFile; fileRef = A51F452A208D714B00ACCAB7 /* TestData.swift */; };
		A51F45302090C7C300ACCAB7 /* InternetAPI.swift in Sources */ = {isa = PBXBuildFile; fileRef = A51F452F2090C7C300ACCAB7 /* InternetAPI.swift */; };
		A51F45312090C7CE00ACCAB7 /* InternetAPI.swift in Sources */ = {isa = PBXBuildFile; fileRef = A51F452F2090C7C300ACCAB7 /* InternetAPI.swift */; };
		A51F45332090D08600ACCAB7 /* MockFlickrService.swift in Sources */ = {isa = PBXBuildFile; fileRef = A51F45322090D08600ACCAB7 /* MockFlickrService.swift */; };
		A51F45372093607700ACCAB7 /* FlickrViewModelTests.swift in Sources */ = {isa = PBXBuildFile; fileRef = A51F45362093607700ACCAB7 /* FlickrViewModelTests.swift */; };
		A571C5EE20C6247B005693B3 /* UIImageExtension.swift in Sources */ = {isa = PBXBuildFile; fileRef = A571C5ED20C6247B005693B3 /* UIImageExtension.swift */; };
		A571C5EF20C6247B005693B3 /* UIImageExtension.swift in Sources */ = {isa = PBXBuildFile; fileRef = A571C5ED20C6247B005693B3 /* UIImageExtension.swift */; };
		A571C5F120C71246005693B3 /* FlickrServiceCopy.swift in Sources */ = {isa = PBXBuildFile; fileRef = A571C5F020C71246005693B3 /* FlickrServiceCopy.swift */; };
		A571C5F220C71246005693B3 /* FlickrServiceCopy.swift in Sources */ = {isa = PBXBuildFile; fileRef = A571C5F020C71246005693B3 /* FlickrServiceCopy.swift */; };
		A571C5F420C8C548005693B3 /* InternetService.swift in Sources */ = {isa = PBXBuildFile; fileRef = A571C5F320C8C548005693B3 /* InternetService.swift */; };
		A571C5F520C8C548005693B3 /* InternetService.swift in Sources */ = {isa = PBXBuildFile; fileRef = A571C5F320C8C548005693B3 /* InternetService.swift */; };
		A571C5FB20D82F0A005693B3 /* FlickrPhotos.swift in Sources */ = {isa = PBXBuildFile; fileRef = A571C5FA20D82F0A005693B3 /* FlickrPhotos.swift */; };
		A571C5FC20D82F0A005693B3 /* FlickrPhotos.swift in Sources */ = {isa = PBXBuildFile; fileRef = A571C5FA20D82F0A005693B3 /* FlickrPhotos.swift */; };
		A57F6DB52072B5AE00509E7E /* ImageDataCaching.swift in Sources */ = {isa = PBXBuildFile; fileRef = A57F6DB42072B5AE00509E7E /* ImageDataCaching.swift */; };
		A57F6DB62072B5AE00509E7E /* ImageDataCaching.swift in Sources */ = {isa = PBXBuildFile; fileRef = A57F6DB42072B5AE00509E7E /* ImageDataCaching.swift */; };
		A57F6DB82072D00400509E7E /* ImageDataCachingProtocol.swift in Sources */ = {isa = PBXBuildFile; fileRef = A57F6DB72072D00400509E7E /* ImageDataCachingProtocol.swift */; };
		A57F6DB92072D00400509E7E /* ImageDataCachingProtocol.swift in Sources */ = {isa = PBXBuildFile; fileRef = A57F6DB72072D00400509E7E /* ImageDataCachingProtocol.swift */; };
		A582C70B20C043E70036C7D9 /* SideMenuBarView.swift in Sources */ = {isa = PBXBuildFile; fileRef = A582C70A20C043E70036C7D9 /* SideMenuBarView.swift */; };
		A582C70C20C043E70036C7D9 /* SideMenuBarView.swift in Sources */ = {isa = PBXBuildFile; fileRef = A582C70A20C043E70036C7D9 /* SideMenuBarView.swift */; };
		A597123B209F5190006C3566 /* CurrentWeatherView.swift in Sources */ = {isa = PBXBuildFile; fileRef = A597123A209F5190006C3566 /* CurrentWeatherView.swift */; };
		A597123C20A353F3006C3566 /* CurrentWeatherView.swift in Sources */ = {isa = PBXBuildFile; fileRef = A597123A209F5190006C3566 /* CurrentWeatherView.swift */; };
		A59D0F2420AE0B4200111552 /* HourlyForecastTableViewCell.swift in Sources */ = {isa = PBXBuildFile; fileRef = A59D0F2320AE0B4200111552 /* HourlyForecastTableViewCell.swift */; };
		A59D0F2620B1076400111552 /* DailyForecastTableViewCell.swift in Sources */ = {isa = PBXBuildFile; fileRef = A59D0F2520B1076400111552 /* DailyForecastTableViewCell.swift */; };
		A59D0F2720B20C9100111552 /* HourlyForecastTableViewCell.swift in Sources */ = {isa = PBXBuildFile; fileRef = A59D0F2320AE0B4200111552 /* HourlyForecastTableViewCell.swift */; };
		A59D0F2820B20C9800111552 /* DailyForecastTableViewCell.swift in Sources */ = {isa = PBXBuildFile; fileRef = A59D0F2520B1076400111552 /* DailyForecastTableViewCell.swift */; };
		A59D0F2D20B30B3000111552 /* WeatherForecastGraphViewController.swift in Sources */ = {isa = PBXBuildFile; fileRef = A59D0F2C20B30B3000111552 /* WeatherForecastGraphViewController.swift */; };
		A59D0F2E20B30B3000111552 /* WeatherForecastGraphViewController.swift in Sources */ = {isa = PBXBuildFile; fileRef = A59D0F2C20B30B3000111552 /* WeatherForecastGraphViewController.swift */; };
		A5EE3C8F201FA89500B65EA2 /* FlickrPhoto.swift in Sources */ = {isa = PBXBuildFile; fileRef = A5EE3C8E201FA89500B65EA2 /* FlickrPhoto.swift */; };
		A5EE3C90201FA89500B65EA2 /* FlickrPhoto.swift in Sources */ = {isa = PBXBuildFile; fileRef = A5EE3C8E201FA89500B65EA2 /* FlickrPhoto.swift */; };
		A5F4177520B3645200FE45D8 /* WeatherForecastSummaryViewController.swift in Sources */ = {isa = PBXBuildFile; fileRef = A5F4177420B3645200FE45D8 /* WeatherForecastSummaryViewController.swift */; };
		A5F4177A20B6068800FE45D8 /* WeatherForecastSummaryViewController.swift in Sources */ = {isa = PBXBuildFile; fileRef = A5F4177420B3645200FE45D8 /* WeatherForecastSummaryViewController.swift */; };
		CFD23BA9ABACC4D2B4286CAC /* Pods_WeatherRxAbstract_WeatherRx.framework in Frameworks */ = {isa = PBXBuildFile; fileRef = 1A68D25BA2AB8DB2DD394F1E /* Pods_WeatherRxAbstract_WeatherRx.framework */; };
/* End PBXBuildFile section */

/* Begin PBXContainerItemProxy section */
		A5146B771F799A2600EE1DF7 /* PBXContainerItemProxy */ = {
			isa = PBXContainerItemProxy;
			containerPortal = A5146B5A1F799A2500EE1DF7 /* Project object */;
			proxyType = 1;
			remoteGlobalIDString = A5146B611F799A2600EE1DF7;
			remoteInfo = WeatherRx;
		};
/* End PBXContainerItemProxy section */

/* Begin PBXFileReference section */
		1A68D25BA2AB8DB2DD394F1E /* Pods_WeatherRxAbstract_WeatherRx.framework */ = {isa = PBXFileReference; explicitFileType = wrapper.framework; includeInIndex = 0; path = Pods_WeatherRxAbstract_WeatherRx.framework; sourceTree = BUILT_PRODUCTS_DIR; };
		360C7B016505B4E9406C0A73 /* Pods-WeatherRxAbstract-WeatherRx.debug.xcconfig */ = {isa = PBXFileReference; includeInIndex = 1; lastKnownFileType = text.xcconfig; name = "Pods-WeatherRxAbstract-WeatherRx.debug.xcconfig"; path = "Pods/Target Support Files/Pods-WeatherRxAbstract-WeatherRx/Pods-WeatherRxAbstract-WeatherRx.debug.xcconfig"; sourceTree = "<group>"; };
		A50D28E520470FE200351630 /* FlickrViewModel.swift */ = {isa = PBXFileReference; lastKnownFileType = sourcecode.swift; path = FlickrViewModel.swift; sourceTree = "<group>"; };
		A50D28EA20503D5E00351630 /* WeatherViewController.swift */ = {isa = PBXFileReference; lastKnownFileType = sourcecode.swift; path = WeatherViewController.swift; sourceTree = "<group>"; };
		A50D28FC2052220900351630 /* FlickrAPIProtocol.swift */ = {isa = PBXFileReference; lastKnownFileType = sourcecode.swift; path = FlickrAPIProtocol.swift; sourceTree = "<group>"; };
		A5146B621F799A2600EE1DF7 /* WeatherRx.app */ = {isa = PBXFileReference; explicitFileType = wrapper.application; includeInIndex = 0; path = WeatherRx.app; sourceTree = BUILT_PRODUCTS_DIR; };
		A5146B651F799A2600EE1DF7 /* AppDelegate.swift */ = {isa = PBXFileReference; lastKnownFileType = sourcecode.swift; path = AppDelegate.swift; sourceTree = "<group>"; };
		A5146B671F799A2600EE1DF7 /* ViewController.swift */ = {isa = PBXFileReference; lastKnownFileType = sourcecode.swift; path = ViewController.swift; sourceTree = "<group>"; };
		A5146B6A1F799A2600EE1DF7 /* Base */ = {isa = PBXFileReference; lastKnownFileType = file.storyboard; name = Base; path = Base.lproj/Main.storyboard; sourceTree = "<group>"; };
		A5146B6C1F799A2600EE1DF7 /* Assets.xcassets */ = {isa = PBXFileReference; lastKnownFileType = folder.assetcatalog; path = Assets.xcassets; sourceTree = "<group>"; };
		A5146B6F1F799A2600EE1DF7 /* Base */ = {isa = PBXFileReference; lastKnownFileType = file.storyboard; name = Base; path = Base.lproj/LaunchScreen.storyboard; sourceTree = "<group>"; };
		A5146B711F799A2600EE1DF7 /* Info.plist */ = {isa = PBXFileReference; lastKnownFileType = text.plist.xml; path = Info.plist; sourceTree = "<group>"; };
		A5146B761F799A2600EE1DF7 /* WeatherRxTests.xctest */ = {isa = PBXFileReference; explicitFileType = wrapper.cfbundle; includeInIndex = 0; path = WeatherRxTests.xctest; sourceTree = BUILT_PRODUCTS_DIR; };
		A5146B7A1F799A2600EE1DF7 /* WeatherRxTests.swift */ = {isa = PBXFileReference; lastKnownFileType = sourcecode.swift; path = WeatherRxTests.swift; sourceTree = "<group>"; };
		A5146B7C1F799A2600EE1DF7 /* Info.plist */ = {isa = PBXFileReference; lastKnownFileType = text.plist.xml; path = Info.plist; sourceTree = "<group>"; };
		A5146B8A1F799D7E00EE1DF7 /* Weather.swift */ = {isa = PBXFileReference; fileEncoding = 4; lastKnownFileType = sourcecode.swift; path = Weather.swift; sourceTree = "<group>"; };
		A5146B931F7C731F00EE1DF7 /* WeatherTest.swift */ = {isa = PBXFileReference; fileEncoding = 4; lastKnownFileType = sourcecode.swift; path = WeatherTest.swift; sourceTree = "<group>"; };
		A5146BCA1F7EBB6B00EE1DF7 /* FlickrService.swift */ = {isa = PBXFileReference; fileEncoding = 4; lastKnownFileType = sourcecode.swift; path = FlickrService.swift; sourceTree = "<group>"; };
		A5192BE920A5222C00C8D483 /* WeatherForecastTableViewController.swift */ = {isa = PBXFileReference; lastKnownFileType = sourcecode.swift; path = WeatherForecastTableViewController.swift; sourceTree = "<group>"; };
		A5192BEC20A6304500C8D483 /* HourlyForcastCell.swift */ = {isa = PBXFileReference; lastKnownFileType = sourcecode.swift; path = HourlyForcastCell.swift; sourceTree = "<group>"; };
		A5192BF220A8ECDD00C8D483 /* CGExtensions.swift */ = {isa = PBXFileReference; lastKnownFileType = sourcecode.swift; path = CGExtensions.swift; sourceTree = "<group>"; };
		A51F452A208D714B00ACCAB7 /* TestData.swift */ = {isa = PBXFileReference; lastKnownFileType = sourcecode.swift; path = TestData.swift; sourceTree = "<group>"; };
		A51F452F2090C7C300ACCAB7 /* InternetAPI.swift */ = {isa = PBXFileReference; lastKnownFileType = sourcecode.swift; path = InternetAPI.swift; sourceTree = "<group>"; };
		A51F45322090D08600ACCAB7 /* MockFlickrService.swift */ = {isa = PBXFileReference; lastKnownFileType = sourcecode.swift; path = MockFlickrService.swift; sourceTree = "<group>"; };
		A51F45362093607700ACCAB7 /* FlickrViewModelTests.swift */ = {isa = PBXFileReference; lastKnownFileType = sourcecode.swift; path = FlickrViewModelTests.swift; sourceTree = "<group>"; };
		A54FC92786D45EEF4C724417 /* Pods_WeatherRxAbstract_WeatherRxTests.framework */ = {isa = PBXFileReference; explicitFileType = wrapper.framework; includeInIndex = 0; path = Pods_WeatherRxAbstract_WeatherRxTests.framework; sourceTree = BUILT_PRODUCTS_DIR; };
		A571C5ED20C6247B005693B3 /* UIImageExtension.swift */ = {isa = PBXFileReference; lastKnownFileType = sourcecode.swift; path = UIImageExtension.swift; sourceTree = "<group>"; };
		A571C5F020C71246005693B3 /* FlickrServiceCopy.swift */ = {isa = PBXFileReference; lastKnownFileType = sourcecode.swift; path = FlickrServiceCopy.swift; sourceTree = "<group>"; };
		A571C5F320C8C548005693B3 /* InternetService.swift */ = {isa = PBXFileReference; lastKnownFileType = sourcecode.swift; path = InternetService.swift; sourceTree = "<group>"; };
		A571C5FA20D82F0A005693B3 /* FlickrPhotos.swift */ = {isa = PBXFileReference; lastKnownFileType = sourcecode.swift; path = FlickrPhotos.swift; sourceTree = "<group>"; };
		A57F6DB42072B5AE00509E7E /* ImageDataCaching.swift */ = {isa = PBXFileReference; lastKnownFileType = sourcecode.swift; path = ImageDataCaching.swift; sourceTree = "<group>"; };
		A57F6DB72072D00400509E7E /* ImageDataCachingProtocol.swift */ = {isa = PBXFileReference; lastKnownFileType = sourcecode.swift; path = ImageDataCachingProtocol.swift; sourceTree = "<group>"; };
		A582C70A20C043E70036C7D9 /* SideMenuBarView.swift */ = {isa = PBXFileReference; lastKnownFileType = sourcecode.swift; path = SideMenuBarView.swift; sourceTree = "<group>"; };
		A597123A209F5190006C3566 /* CurrentWeatherView.swift */ = {isa = PBXFileReference; lastKnownFileType = sourcecode.swift; path = CurrentWeatherView.swift; sourceTree = "<group>"; };
		A59D0F2320AE0B4200111552 /* HourlyForecastTableViewCell.swift */ = {isa = PBXFileReference; lastKnownFileType = sourcecode.swift; path = HourlyForecastTableViewCell.swift; sourceTree = "<group>"; };
		A59D0F2520B1076400111552 /* DailyForecastTableViewCell.swift */ = {isa = PBXFileReference; lastKnownFileType = sourcecode.swift; path = DailyForecastTableViewCell.swift; sourceTree = "<group>"; };
		A59D0F2C20B30B3000111552 /* WeatherForecastGraphViewController.swift */ = {isa = PBXFileReference; lastKnownFileType = sourcecode.swift; path = WeatherForecastGraphViewController.swift; sourceTree = "<group>"; };
		A5EE3C8E201FA89500B65EA2 /* FlickrPhoto.swift */ = {isa = PBXFileReference; lastKnownFileType = sourcecode.swift; path = FlickrPhoto.swift; sourceTree = "<group>"; };
		A5F4177420B3645200FE45D8 /* WeatherForecastSummaryViewController.swift */ = {isa = PBXFileReference; lastKnownFileType = sourcecode.swift; path = WeatherForecastSummaryViewController.swift; sourceTree = "<group>"; };
		D1B15C38F4FB65FDE90B441B /* Pods-WeatherRxAbstract-WeatherRx.release.xcconfig */ = {isa = PBXFileReference; includeInIndex = 1; lastKnownFileType = text.xcconfig; name = "Pods-WeatherRxAbstract-WeatherRx.release.xcconfig"; path = "Pods/Target Support Files/Pods-WeatherRxAbstract-WeatherRx/Pods-WeatherRxAbstract-WeatherRx.release.xcconfig"; sourceTree = "<group>"; };
		D8B657AC5C4EC89E541099AB /* Pods-WeatherRxAbstract-WeatherRxTests.release.xcconfig */ = {isa = PBXFileReference; includeInIndex = 1; lastKnownFileType = text.xcconfig; name = "Pods-WeatherRxAbstract-WeatherRxTests.release.xcconfig"; path = "Pods/Target Support Files/Pods-WeatherRxAbstract-WeatherRxTests/Pods-WeatherRxAbstract-WeatherRxTests.release.xcconfig"; sourceTree = "<group>"; };
		F8B7654109F9B065AABEBF85 /* Pods-WeatherRxAbstract-WeatherRxTests.debug.xcconfig */ = {isa = PBXFileReference; includeInIndex = 1; lastKnownFileType = text.xcconfig; name = "Pods-WeatherRxAbstract-WeatherRxTests.debug.xcconfig"; path = "Pods/Target Support Files/Pods-WeatherRxAbstract-WeatherRxTests/Pods-WeatherRxAbstract-WeatherRxTests.debug.xcconfig"; sourceTree = "<group>"; };
/* End PBXFileReference section */

/* Begin PBXFrameworksBuildPhase section */
		A5146B5F1F799A2600EE1DF7 /* Frameworks */ = {
			isa = PBXFrameworksBuildPhase;
			buildActionMask = 2147483647;
			files = (
				CFD23BA9ABACC4D2B4286CAC /* Pods_WeatherRxAbstract_WeatherRx.framework in Frameworks */,
			);
			runOnlyForDeploymentPostprocessing = 0;
		};
		A5146B731F799A2600EE1DF7 /* Frameworks */ = {
			isa = PBXFrameworksBuildPhase;
			buildActionMask = 2147483647;
			files = (
				456C3AC445D2467351A85848 /* Pods_WeatherRxAbstract_WeatherRxTests.framework in Frameworks */,
			);
			runOnlyForDeploymentPostprocessing = 0;
		};
/* End PBXFrameworksBuildPhase section */

/* Begin PBXGroup section */
		9507F70E72EAEC17739334E7 /* Pods */ = {
			isa = PBXGroup;
			children = (
				360C7B016505B4E9406C0A73 /* Pods-WeatherRxAbstract-WeatherRx.debug.xcconfig */,
				D1B15C38F4FB65FDE90B441B /* Pods-WeatherRxAbstract-WeatherRx.release.xcconfig */,
				F8B7654109F9B065AABEBF85 /* Pods-WeatherRxAbstract-WeatherRxTests.debug.xcconfig */,
				D8B657AC5C4EC89E541099AB /* Pods-WeatherRxAbstract-WeatherRxTests.release.xcconfig */,
			);
			name = Pods;
			sourceTree = "<group>";
		};
		A50D28E420470FB600351630 /* View Models */ = {
			isa = PBXGroup;
			children = (
				A50D28E520470FE200351630 /* FlickrViewModel.swift */,
			);
			path = "View Models";
			sourceTree = "<group>";
		};
		A50D28E920503D0A00351630 /* ViewController */ = {
			isa = PBXGroup;
			children = (
				A50D28EA20503D5E00351630 /* WeatherViewController.swift */,
			);
			path = ViewController;
			sourceTree = "<group>";
		};
		A50D28ED2051AD6C00351630 /* Protocols */ = {
			isa = PBXGroup;
			children = (
				A50D28FC2052220900351630 /* FlickrAPIProtocol.swift */,
				A57F6DB72072D00400509E7E /* ImageDataCachingProtocol.swift */,
			);
			path = Protocols;
			sourceTree = "<group>";
		};
		A5146B591F799A2500EE1DF7 = {
			isa = PBXGroup;
			children = (
				A5192BE820A521EB00C8D483 /* ViewControllers */,
				A5971239209F5166006C3566 /* Views */,
				A50D28E920503D0A00351630 /* ViewController */,
				A51E90E2209A12ED00D41EB6 /* Utils */,
				A50D28ED2051AD6C00351630 /* Protocols */,
				A50D28E420470FB600351630 /* View Models */,
				A54D8B9B203B2109005B7FE8 /* Helpers */,
				A5146B8D1F7C455B00EE1DF7 /* Services */,
				A5146B871F799D5400EE1DF7 /* Model */,
				A5146B641F799A2600EE1DF7 /* WeatherRx */,
				A5146B791F799A2600EE1DF7 /* WeatherRxTests */,
				A5146B631F799A2600EE1DF7 /* Products */,
				9507F70E72EAEC17739334E7 /* Pods */,
				D7B89EBCEB25E56D0C6BEB66 /* Frameworks */,
			);
			sourceTree = "<group>";
		};
		A5146B631F799A2600EE1DF7 /* Products */ = {
			isa = PBXGroup;
			children = (
				A5146B621F799A2600EE1DF7 /* WeatherRx.app */,
				A5146B761F799A2600EE1DF7 /* WeatherRxTests.xctest */,
			);
			name = Products;
			sourceTree = "<group>";
		};
		A5146B641F799A2600EE1DF7 /* WeatherRx */ = {
			isa = PBXGroup;
			children = (
				A5146B651F799A2600EE1DF7 /* AppDelegate.swift */,
				A5146B671F799A2600EE1DF7 /* ViewController.swift */,
				A5146B691F799A2600EE1DF7 /* Main.storyboard */,
				A5146B6C1F799A2600EE1DF7 /* Assets.xcassets */,
				A5146B6E1F799A2600EE1DF7 /* LaunchScreen.storyboard */,
				A5146B711F799A2600EE1DF7 /* Info.plist */,
			);
			path = WeatherRx;
			sourceTree = "<group>";
		};
		A5146B791F799A2600EE1DF7 /* WeatherRxTests */ = {
			isa = PBXGroup;
			children = (
				A51F4529208D712D00ACCAB7 /* Mocks */,
				A5146B7A1F799A2600EE1DF7 /* WeatherRxTests.swift */,
				A5146B7C1F799A2600EE1DF7 /* Info.plist */,
				A5146B931F7C731F00EE1DF7 /* WeatherTest.swift */,
				A51F45362093607700ACCAB7 /* FlickrViewModelTests.swift */,
			);
			path = WeatherRxTests;
			sourceTree = "<group>";
		};
		A5146B871F799D5400EE1DF7 /* Model */ = {
			isa = PBXGroup;
			children = (
				A5146B8A1F799D7E00EE1DF7 /* Weather.swift */,
				A5EE3C8E201FA89500B65EA2 /* FlickrPhoto.swift */,
				A571C5FA20D82F0A005693B3 /* FlickrPhotos.swift */,
			);
			name = Model;
			sourceTree = "<group>";
		};
		A5146B8D1F7C455B00EE1DF7 /* Services */ = {
			isa = PBXGroup;
			children = (
				A5146BCA1F7EBB6B00EE1DF7 /* FlickrService.swift */,
				A57F6DB42072B5AE00509E7E /* ImageDataCaching.swift */,
				A51F452F2090C7C300ACCAB7 /* InternetAPI.swift */,
				A571C5F020C71246005693B3 /* FlickrServiceCopy.swift */,
				A571C5F320C8C548005693B3 /* InternetService.swift */,
			);
			name = Services;
			sourceTree = "<group>";
		};
		A5192BE820A521EB00C8D483 /* ViewControllers */ = {
			isa = PBXGroup;
			children = (
				A5192BE920A5222C00C8D483 /* WeatherForecastTableViewController.swift */,
				A59D0F2C20B30B3000111552 /* WeatherForecastGraphViewController.swift */,
				A5F4177420B3645200FE45D8 /* WeatherForecastSummaryViewController.swift */,
			);
			path = ViewControllers;
			sourceTree = "<group>";
		};
		A51E90E2209A12ED00D41EB6 /* Utils */ = {
			isa = PBXGroup;
			children = (
				A5192BF220A8ECDD00C8D483 /* CGExtensions.swift */,
				A571C5ED20C6247B005693B3 /* UIImageExtension.swift */,
			);
			path = Utils;
			sourceTree = "<group>";
		};
		A51F4529208D712D00ACCAB7 /* Mocks */ = {
			isa = PBXGroup;
			children = (
				A51F452A208D714B00ACCAB7 /* TestData.swift */,
				A51F45322090D08600ACCAB7 /* MockFlickrService.swift */,
			);
			path = Mocks;
			sourceTree = "<group>";
		};
		A54D8B9B203B2109005B7FE8 /* Helpers */ = {
			isa = PBXGroup;
			children = (
			);
			path = Helpers;
			sourceTree = "<group>";
		};
		A5971239209F5166006C3566 /* Views */ = {
			isa = PBXGroup;
			children = (
				A597123A209F5190006C3566 /* CurrentWeatherView.swift */,
				A59D0F2520B1076400111552 /* DailyForecastTableViewCell.swift */,
				A5192BEC20A6304500C8D483 /* HourlyForcastCell.swift */,
				A59D0F2320AE0B4200111552 /* HourlyForecastTableViewCell.swift */,
				A582C70A20C043E70036C7D9 /* SideMenuBarView.swift */,
			);
			path = Views;
			sourceTree = "<group>";
		};
		D7B89EBCEB25E56D0C6BEB66 /* Frameworks */ = {
			isa = PBXGroup;
			children = (
				1A68D25BA2AB8DB2DD394F1E /* Pods_WeatherRxAbstract_WeatherRx.framework */,
				A54FC92786D45EEF4C724417 /* Pods_WeatherRxAbstract_WeatherRxTests.framework */,
			);
			name = Frameworks;
			sourceTree = "<group>";
		};
/* End PBXGroup section */

/* Begin PBXNativeTarget section */
		A5146B611F799A2600EE1DF7 /* WeatherRx */ = {
			isa = PBXNativeTarget;
			buildConfigurationList = A5146B7F1F799A2600EE1DF7 /* Build configuration list for PBXNativeTarget "WeatherRx" */;
			buildPhases = (
				018C4033F1AEE801BC15DBF2 /* [CP] Check Pods Manifest.lock */,
				A5146B5E1F799A2600EE1DF7 /* Sources */,
				A5146B5F1F799A2600EE1DF7 /* Frameworks */,
				A5146B601F799A2600EE1DF7 /* Resources */,
				4F75619C4A3B2F3F1BE1942E /* [CP] Embed Pods Frameworks */,
				719A9E41923892137033B979 /* [CP] Copy Pods Resources */,
			);
			buildRules = (
			);
			dependencies = (
			);
			name = WeatherRx;
			productName = WeatherRx;
			productReference = A5146B621F799A2600EE1DF7 /* WeatherRx.app */;
			productType = "com.apple.product-type.application";
		};
		A5146B751F799A2600EE1DF7 /* WeatherRxTests */ = {
			isa = PBXNativeTarget;
			buildConfigurationList = A5146B821F799A2600EE1DF7 /* Build configuration list for PBXNativeTarget "WeatherRxTests" */;
			buildPhases = (
				1E2D6F0E8E049E8C9AEA0727 /* [CP] Check Pods Manifest.lock */,
				A5146B721F799A2600EE1DF7 /* Sources */,
				A5146B731F799A2600EE1DF7 /* Frameworks */,
				A5146B741F799A2600EE1DF7 /* Resources */,
				049504C28F06EBAA2F9D0EAF /* [CP] Embed Pods Frameworks */,
				7FE21882BBD412AB3BECC492 /* [CP] Copy Pods Resources */,
			);
			buildRules = (
			);
			dependencies = (
				A5146B781F799A2600EE1DF7 /* PBXTargetDependency */,
			);
			name = WeatherRxTests;
			productName = WeatherRxTests;
			productReference = A5146B761F799A2600EE1DF7 /* WeatherRxTests.xctest */;
			productType = "com.apple.product-type.bundle.unit-test";
		};
/* End PBXNativeTarget section */

/* Begin PBXProject section */
		A5146B5A1F799A2500EE1DF7 /* Project object */ = {
			isa = PBXProject;
			attributes = {
				LastSwiftUpdateCheck = 0830;
				LastUpgradeCheck = 0830;
				ORGANIZATIONNAME = "Jun Dang";
				TargetAttributes = {
					A5146B611F799A2600EE1DF7 = {
						CreatedOnToolsVersion = 8.3.3;
						DevelopmentTeam = UY3JE2JN3T;
						ProvisioningStyle = Automatic;
					};
					A5146B751F799A2600EE1DF7 = {
						CreatedOnToolsVersion = 8.3.3;
						DevelopmentTeam = UY3JE2JN3T;
						ProvisioningStyle = Automatic;
						TestTargetID = A5146B611F799A2600EE1DF7;
					};
				};
			};
			buildConfigurationList = A5146B5D1F799A2500EE1DF7 /* Build configuration list for PBXProject "WeatherRx" */;
			compatibilityVersion = "Xcode 3.2";
			developmentRegion = English;
			hasScannedForEncodings = 0;
			knownRegions = (
				en,
				Base,
			);
			mainGroup = A5146B591F799A2500EE1DF7;
			productRefGroup = A5146B631F799A2600EE1DF7 /* Products */;
			projectDirPath = "";
			projectRoot = "";
			targets = (
				A5146B611F799A2600EE1DF7 /* WeatherRx */,
				A5146B751F799A2600EE1DF7 /* WeatherRxTests */,
			);
		};
/* End PBXProject section */

/* Begin PBXResourcesBuildPhase section */
		A5146B601F799A2600EE1DF7 /* Resources */ = {
			isa = PBXResourcesBuildPhase;
			buildActionMask = 2147483647;
			files = (
				A5146B701F799A2600EE1DF7 /* LaunchScreen.storyboard in Resources */,
				A5146B6D1F799A2600EE1DF7 /* Assets.xcassets in Resources */,
				A5146B6B1F799A2600EE1DF7 /* Main.storyboard in Resources */,
			);
			runOnlyForDeploymentPostprocessing = 0;
		};
		A5146B741F799A2600EE1DF7 /* Resources */ = {
			isa = PBXResourcesBuildPhase;
			buildActionMask = 2147483647;
			files = (
			);
			runOnlyForDeploymentPostprocessing = 0;
		};
/* End PBXResourcesBuildPhase section */

/* Begin PBXShellScriptBuildPhase section */
		018C4033F1AEE801BC15DBF2 /* [CP] Check Pods Manifest.lock */ = {
			isa = PBXShellScriptBuildPhase;
			buildActionMask = 2147483647;
			files = (
			);
			inputPaths = (
				"${PODS_PODFILE_DIR_PATH}/Podfile.lock",
				"${PODS_ROOT}/Manifest.lock",
			);
			name = "[CP] Check Pods Manifest.lock";
			outputPaths = (
				"$(DERIVED_FILE_DIR)/Pods-WeatherRxAbstract-WeatherRx-checkManifestLockResult.txt",
			);
			runOnlyForDeploymentPostprocessing = 0;
			shellPath = /bin/sh;
			shellScript = "diff \"${PODS_PODFILE_DIR_PATH}/Podfile.lock\" \"${PODS_ROOT}/Manifest.lock\" > /dev/null\nif [ $? != 0 ] ; then\n    # print error to STDERR\n    echo \"error: The sandbox is not in sync with the Podfile.lock. Run 'pod install' or update your CocoaPods installation.\" >&2\n    exit 1\nfi\n# This output is used by Xcode 'outputs' to avoid re-running this script phase.\necho \"SUCCESS\" > \"${SCRIPT_OUTPUT_FILE_0}\"\n";
			showEnvVarsInLog = 0;
		};
		049504C28F06EBAA2F9D0EAF /* [CP] Embed Pods Frameworks */ = {
			isa = PBXShellScriptBuildPhase;
			buildActionMask = 2147483647;
			files = (
			);
			inputPaths = (
				"${SRCROOT}/Pods/Target Support Files/Pods-WeatherRxAbstract-WeatherRxTests/Pods-WeatherRxAbstract-WeatherRxTests-frameworks.sh",
				"${BUILT_PRODUCTS_DIR}/Alamofire/Alamofire.framework",
				"${BUILT_PRODUCTS_DIR}/Cartography/Cartography.framework",
				"${BUILT_PRODUCTS_DIR}/DynamicBlurView/DynamicBlurView.framework",
				"${BUILT_PRODUCTS_DIR}/Reachability/Reachability.framework",
				"${BUILT_PRODUCTS_DIR}/Realm/Realm.framework",
				"${BUILT_PRODUCTS_DIR}/RealmSwift/RealmSwift.framework",
				"${BUILT_PRODUCTS_DIR}/RxAlamofire/RxAlamofire.framework",
				"${BUILT_PRODUCTS_DIR}/RxCocoa/RxCocoa.framework",
				"${BUILT_PRODUCTS_DIR}/RxGesture/RxGesture.framework",
				"${BUILT_PRODUCTS_DIR}/RxRealm/RxRealm.framework",
				"${BUILT_PRODUCTS_DIR}/RxRealmDataSources/RxRealmDataSources.framework",
				"${BUILT_PRODUCTS_DIR}/RxSwift/RxSwift.framework",
				"${BUILT_PRODUCTS_DIR}/Unbox/Unbox.framework",
				"${BUILT_PRODUCTS_DIR}/RxBlocking/RxBlocking.framework",
				"${BUILT_PRODUCTS_DIR}/RxTest/RxTest.framework",
			);
			name = "[CP] Embed Pods Frameworks";
			outputPaths = (
				"${TARGET_BUILD_DIR}/${FRAMEWORKS_FOLDER_PATH}/Alamofire.framework",
				"${TARGET_BUILD_DIR}/${FRAMEWORKS_FOLDER_PATH}/Cartography.framework",
				"${TARGET_BUILD_DIR}/${FRAMEWORKS_FOLDER_PATH}/DynamicBlurView.framework",
				"${TARGET_BUILD_DIR}/${FRAMEWORKS_FOLDER_PATH}/Reachability.framework",
				"${TARGET_BUILD_DIR}/${FRAMEWORKS_FOLDER_PATH}/Realm.framework",
				"${TARGET_BUILD_DIR}/${FRAMEWORKS_FOLDER_PATH}/RealmSwift.framework",
				"${TARGET_BUILD_DIR}/${FRAMEWORKS_FOLDER_PATH}/RxAlamofire.framework",
				"${TARGET_BUILD_DIR}/${FRAMEWORKS_FOLDER_PATH}/RxCocoa.framework",
				"${TARGET_BUILD_DIR}/${FRAMEWORKS_FOLDER_PATH}/RxGesture.framework",
				"${TARGET_BUILD_DIR}/${FRAMEWORKS_FOLDER_PATH}/RxRealm.framework",
				"${TARGET_BUILD_DIR}/${FRAMEWORKS_FOLDER_PATH}/RxRealmDataSources.framework",
				"${TARGET_BUILD_DIR}/${FRAMEWORKS_FOLDER_PATH}/RxSwift.framework",
				"${TARGET_BUILD_DIR}/${FRAMEWORKS_FOLDER_PATH}/Unbox.framework",
				"${TARGET_BUILD_DIR}/${FRAMEWORKS_FOLDER_PATH}/RxBlocking.framework",
				"${TARGET_BUILD_DIR}/${FRAMEWORKS_FOLDER_PATH}/RxTest.framework",
			);
			runOnlyForDeploymentPostprocessing = 0;
			shellPath = /bin/sh;
			shellScript = "\"${SRCROOT}/Pods/Target Support Files/Pods-WeatherRxAbstract-WeatherRxTests/Pods-WeatherRxAbstract-WeatherRxTests-frameworks.sh\"\n";
			showEnvVarsInLog = 0;
		};
		1E2D6F0E8E049E8C9AEA0727 /* [CP] Check Pods Manifest.lock */ = {
			isa = PBXShellScriptBuildPhase;
			buildActionMask = 2147483647;
			files = (
			);
			inputPaths = (
				"${PODS_PODFILE_DIR_PATH}/Podfile.lock",
				"${PODS_ROOT}/Manifest.lock",
			);
			name = "[CP] Check Pods Manifest.lock";
			outputPaths = (
				"$(DERIVED_FILE_DIR)/Pods-WeatherRxAbstract-WeatherRxTests-checkManifestLockResult.txt",
			);
			runOnlyForDeploymentPostprocessing = 0;
			shellPath = /bin/sh;
			shellScript = "diff \"${PODS_PODFILE_DIR_PATH}/Podfile.lock\" \"${PODS_ROOT}/Manifest.lock\" > /dev/null\nif [ $? != 0 ] ; then\n    # print error to STDERR\n    echo \"error: The sandbox is not in sync with the Podfile.lock. Run 'pod install' or update your CocoaPods installation.\" >&2\n    exit 1\nfi\n# This output is used by Xcode 'outputs' to avoid re-running this script phase.\necho \"SUCCESS\" > \"${SCRIPT_OUTPUT_FILE_0}\"\n";
			showEnvVarsInLog = 0;
		};
		4F75619C4A3B2F3F1BE1942E /* [CP] Embed Pods Frameworks */ = {
			isa = PBXShellScriptBuildPhase;
			buildActionMask = 2147483647;
			files = (
			);
			inputPaths = (
				"${SRCROOT}/Pods/Target Support Files/Pods-WeatherRxAbstract-WeatherRx/Pods-WeatherRxAbstract-WeatherRx-frameworks.sh",
				"${BUILT_PRODUCTS_DIR}/Alamofire/Alamofire.framework",
				"${BUILT_PRODUCTS_DIR}/Cartography/Cartography.framework",
				"${BUILT_PRODUCTS_DIR}/Differentiator/Differentiator.framework",
				"${BUILT_PRODUCTS_DIR}/DynamicBlurView/DynamicBlurView.framework",
				"${BUILT_PRODUCTS_DIR}/Reachability/Reachability.framework",
				"${BUILT_PRODUCTS_DIR}/Realm/Realm.framework",
				"${BUILT_PRODUCTS_DIR}/RealmSwift/RealmSwift.framework",
				"${BUILT_PRODUCTS_DIR}/RxAlamofire/RxAlamofire.framework",
				"${BUILT_PRODUCTS_DIR}/RxCocoa/RxCocoa.framework",
				"${BUILT_PRODUCTS_DIR}/RxDataSources/RxDataSources.framework",
				"${BUILT_PRODUCTS_DIR}/RxGesture/RxGesture.framework",
				"${BUILT_PRODUCTS_DIR}/RxRealm/RxRealm.framework",
				"${BUILT_PRODUCTS_DIR}/RxRealmDataSources/RxRealmDataSources.framework",
				"${BUILT_PRODUCTS_DIR}/RxSwift/RxSwift.framework",
				"${BUILT_PRODUCTS_DIR}/Unbox/Unbox.framework",
			);
			name = "[CP] Embed Pods Frameworks";
			outputPaths = (
				"${TARGET_BUILD_DIR}/${FRAMEWORKS_FOLDER_PATH}/Alamofire.framework",
				"${TARGET_BUILD_DIR}/${FRAMEWORKS_FOLDER_PATH}/Cartography.framework",
				"${TARGET_BUILD_DIR}/${FRAMEWORKS_FOLDER_PATH}/Differentiator.framework",
				"${TARGET_BUILD_DIR}/${FRAMEWORKS_FOLDER_PATH}/DynamicBlurView.framework",
				"${TARGET_BUILD_DIR}/${FRAMEWORKS_FOLDER_PATH}/Reachability.framework",
				"${TARGET_BUILD_DIR}/${FRAMEWORKS_FOLDER_PATH}/Realm.framework",
				"${TARGET_BUILD_DIR}/${FRAMEWORKS_FOLDER_PATH}/RealmSwift.framework",
				"${TARGET_BUILD_DIR}/${FRAMEWORKS_FOLDER_PATH}/RxAlamofire.framework",
				"${TARGET_BUILD_DIR}/${FRAMEWORKS_FOLDER_PATH}/RxCocoa.framework",
				"${TARGET_BUILD_DIR}/${FRAMEWORKS_FOLDER_PATH}/RxDataSources.framework",
				"${TARGET_BUILD_DIR}/${FRAMEWORKS_FOLDER_PATH}/RxGesture.framework",
				"${TARGET_BUILD_DIR}/${FRAMEWORKS_FOLDER_PATH}/RxRealm.framework",
				"${TARGET_BUILD_DIR}/${FRAMEWORKS_FOLDER_PATH}/RxRealmDataSources.framework",
				"${TARGET_BUILD_DIR}/${FRAMEWORKS_FOLDER_PATH}/RxSwift.framework",
				"${TARGET_BUILD_DIR}/${FRAMEWORKS_FOLDER_PATH}/Unbox.framework",
			);
			runOnlyForDeploymentPostprocessing = 0;
			shellPath = /bin/sh;
			shellScript = "\"${SRCROOT}/Pods/Target Support Files/Pods-WeatherRxAbstract-WeatherRx/Pods-WeatherRxAbstract-WeatherRx-frameworks.sh\"\n";
			showEnvVarsInLog = 0;
		};
		719A9E41923892137033B979 /* [CP] Copy Pods Resources */ = {
			isa = PBXShellScriptBuildPhase;
			buildActionMask = 2147483647;
			files = (
			);
			inputPaths = (
			);
			name = "[CP] Copy Pods Resources";
			outputPaths = (
			);
			runOnlyForDeploymentPostprocessing = 0;
			shellPath = /bin/sh;
			shellScript = "\"${SRCROOT}/Pods/Target Support Files/Pods-WeatherRxAbstract-WeatherRx/Pods-WeatherRxAbstract-WeatherRx-resources.sh\"\n";
			showEnvVarsInLog = 0;
		};
		7FE21882BBD412AB3BECC492 /* [CP] Copy Pods Resources */ = {
			isa = PBXShellScriptBuildPhase;
			buildActionMask = 2147483647;
			files = (
			);
			inputPaths = (
			);
			name = "[CP] Copy Pods Resources";
			outputPaths = (
			);
			runOnlyForDeploymentPostprocessing = 0;
			shellPath = /bin/sh;
			shellScript = "\"${SRCROOT}/Pods/Target Support Files/Pods-WeatherRxAbstract-WeatherRxTests/Pods-WeatherRxAbstract-WeatherRxTests-resources.sh\"\n";
			showEnvVarsInLog = 0;
		};
/* End PBXShellScriptBuildPhase section */

/* Begin PBXSourcesBuildPhase section */
		A5146B5E1F799A2600EE1DF7 /* Sources */ = {
			isa = PBXSourcesBuildPhase;
			buildActionMask = 2147483647;
			files = (
				A57F6DB82072D00400509E7E /* ImageDataCachingProtocol.swift in Sources */,
				A5146B681F799A2600EE1DF7 /* ViewController.swift in Sources */,
				A5146B8B1F799D7E00EE1DF7 /* Weather.swift in Sources */,
				A5192BEA20A5222C00C8D483 /* WeatherForecastTableViewController.swift in Sources */,
				A5146BCB1F7EBB6B00EE1DF7 /* FlickrService.swift in Sources */,
				A571C5FB20D82F0A005693B3 /* FlickrPhotos.swift in Sources */,
				A5EE3C8F201FA89500B65EA2 /* FlickrPhoto.swift in Sources */,
				A50D28E620470FE200351630 /* FlickrViewModel.swift in Sources */,
				A59D0F2620B1076400111552 /* DailyForecastTableViewCell.swift in Sources */,
				A50D28EB20503D5E00351630 /* WeatherViewController.swift in Sources */,
				A51F45302090C7C300ACCAB7 /* InternetAPI.swift in Sources */,
				A597123B209F5190006C3566 /* CurrentWeatherView.swift in Sources */,
				A50D28FD2052220900351630 /* FlickrAPIProtocol.swift in Sources */,
				A5146B661F799A2600EE1DF7 /* AppDelegate.swift in Sources */,
				A571C5F120C71246005693B3 /* FlickrServiceCopy.swift in Sources */,
				A57F6DB52072B5AE00509E7E /* ImageDataCaching.swift in Sources */,
				A571C5EE20C6247B005693B3 /* UIImageExtension.swift in Sources */,
				A571C5F420C8C548005693B3 /* InternetService.swift in Sources */,
				A5192BF320A8ECDD00C8D483 /* CGExtensions.swift in Sources */,
				A582C70B20C043E70036C7D9 /* SideMenuBarView.swift in Sources */,
				A5F4177520B3645200FE45D8 /* WeatherForecastSummaryViewController.swift in Sources */,
				A5192BED20A6304500C8D483 /* HourlyForcastCell.swift in Sources */,
				A59D0F2420AE0B4200111552 /* HourlyForecastTableViewCell.swift in Sources */,
				A59D0F2D20B30B3000111552 /* WeatherForecastGraphViewController.swift in Sources */,
			);
			runOnlyForDeploymentPostprocessing = 0;
		};
		A5146B721F799A2600EE1DF7 /* Sources */ = {
			isa = PBXSourcesBuildPhase;
			buildActionMask = 2147483647;
			files = (
				A571C5F520C8C548005693B3 /* InternetService.swift in Sources */,
				A57F6DB62072B5AE00509E7E /* ImageDataCaching.swift in Sources */,
				A59D0F2E20B30B3000111552 /* WeatherForecastGraphViewController.swift in Sources */,
				A597123C20A353F3006C3566 /* CurrentWeatherView.swift in Sources */,
				A5146B8C1F799D7E00EE1DF7 /* Weather.swift in Sources */,
				A51F45332090D08600ACCAB7 /* MockFlickrService.swift in Sources */,
				A59D0F2720B20C9100111552 /* HourlyForecastTableViewCell.swift in Sources */,
				A50D28EC20503D5E00351630 /* WeatherViewController.swift in Sources */,
				A5192BEE20A6304500C8D483 /* HourlyForcastCell.swift in Sources */,
				A5EE3C90201FA89500B65EA2 /* FlickrPhoto.swift in Sources */,
				A51F45312090C7CE00ACCAB7 /* InternetAPI.swift in Sources */,
				A582C70C20C043E70036C7D9 /* SideMenuBarView.swift in Sources */,
				A51F452B208D714B00ACCAB7 /* TestData.swift in Sources */,
				A5146B941F7C731F00EE1DF7 /* WeatherTest.swift in Sources */,
				A5146BCC1F7EBB6B00EE1DF7 /* FlickrService.swift in Sources */,
				A571C5F220C71246005693B3 /* FlickrServiceCopy.swift in Sources */,
				A50D28FE2052220900351630 /* FlickrAPIProtocol.swift in Sources */,
				A5192BEB20A5222C00C8D483 /* WeatherForecastTableViewController.swift in Sources */,
				A51F45372093607700ACCAB7 /* FlickrViewModelTests.swift in Sources */,
				A571C5EF20C6247B005693B3 /* UIImageExtension.swift in Sources */,
				A5F4177A20B6068800FE45D8 /* WeatherForecastSummaryViewController.swift in Sources */,
				A5146B7B1F799A2600EE1DF7 /* WeatherRxTests.swift in Sources */,
				A59D0F2820B20C9800111552 /* DailyForecastTableViewCell.swift in Sources */,
				A571C5FC20D82F0A005693B3 /* FlickrPhotos.swift in Sources */,
				A57F6DB92072D00400509E7E /* ImageDataCachingProtocol.swift in Sources */,
				A50D28E720470FE200351630 /* FlickrViewModel.swift in Sources */,
				A5192BF420A8ECDD00C8D483 /* CGExtensions.swift in Sources */,
			);
			runOnlyForDeploymentPostprocessing = 0;
		};
/* End PBXSourcesBuildPhase section */

/* Begin PBXTargetDependency section */
		A5146B781F799A2600EE1DF7 /* PBXTargetDependency */ = {
			isa = PBXTargetDependency;
			target = A5146B611F799A2600EE1DF7 /* WeatherRx */;
			targetProxy = A5146B771F799A2600EE1DF7 /* PBXContainerItemProxy */;
		};
/* End PBXTargetDependency section */

/* Begin PBXVariantGroup section */
		A5146B691F799A2600EE1DF7 /* Main.storyboard */ = {
			isa = PBXVariantGroup;
			children = (
				A5146B6A1F799A2600EE1DF7 /* Base */,
			);
			name = Main.storyboard;
			sourceTree = "<group>";
		};
		A5146B6E1F799A2600EE1DF7 /* LaunchScreen.storyboard */ = {
			isa = PBXVariantGroup;
			children = (
				A5146B6F1F799A2600EE1DF7 /* Base */,
			);
			name = LaunchScreen.storyboard;
			sourceTree = "<group>";
		};
/* End PBXVariantGroup section */

/* Begin XCBuildConfiguration section */
		A5146B7D1F799A2600EE1DF7 /* Debug */ = {
			isa = XCBuildConfiguration;
			buildSettings = {
				ALWAYS_SEARCH_USER_PATHS = NO;
				CLANG_ANALYZER_NONNULL = YES;
				CLANG_ANALYZER_NUMBER_OBJECT_CONVERSION = YES_AGGRESSIVE;
				CLANG_CXX_LANGUAGE_STANDARD = "gnu++0x";
				CLANG_CXX_LIBRARY = "libc++";
				CLANG_ENABLE_MODULES = YES;
				CLANG_ENABLE_OBJC_ARC = YES;
				CLANG_WARN_BOOL_CONVERSION = YES;
				CLANG_WARN_CONSTANT_CONVERSION = YES;
				CLANG_WARN_DIRECT_OBJC_ISA_USAGE = YES_ERROR;
				CLANG_WARN_DOCUMENTATION_COMMENTS = YES;
				CLANG_WARN_EMPTY_BODY = YES;
				CLANG_WARN_ENUM_CONVERSION = YES;
				CLANG_WARN_INFINITE_RECURSION = YES;
				CLANG_WARN_INT_CONVERSION = YES;
				CLANG_WARN_OBJC_ROOT_CLASS = YES_ERROR;
				CLANG_WARN_SUSPICIOUS_MOVE = YES;
				CLANG_WARN_UNREACHABLE_CODE = YES;
				CLANG_WARN__DUPLICATE_METHOD_MATCH = YES;
				"CODE_SIGN_IDENTITY[sdk=iphoneos*]" = "iPhone Developer";
				COPY_PHASE_STRIP = NO;
				DEBUG_INFORMATION_FORMAT = dwarf;
				ENABLE_STRICT_OBJC_MSGSEND = YES;
				ENABLE_TESTABILITY = YES;
				GCC_C_LANGUAGE_STANDARD = gnu99;
				GCC_DYNAMIC_NO_PIC = NO;
				GCC_NO_COMMON_BLOCKS = YES;
				GCC_OPTIMIZATION_LEVEL = 0;
				GCC_PREPROCESSOR_DEFINITIONS = (
					"DEBUG=1",
					"$(inherited)",
				);
				GCC_WARN_64_TO_32_BIT_CONVERSION = YES;
				GCC_WARN_ABOUT_RETURN_TYPE = YES_ERROR;
				GCC_WARN_UNDECLARED_SELECTOR = YES;
				GCC_WARN_UNINITIALIZED_AUTOS = YES_AGGRESSIVE;
				GCC_WARN_UNUSED_FUNCTION = YES;
				GCC_WARN_UNUSED_VARIABLE = YES;
				IPHONEOS_DEPLOYMENT_TARGET = 11.0;
				MTL_ENABLE_DEBUG_INFO = YES;
				ONLY_ACTIVE_ARCH = YES;
				SDKROOT = iphoneos;
				SWIFT_ACTIVE_COMPILATION_CONDITIONS = DEBUG;
				SWIFT_OPTIMIZATION_LEVEL = "-Onone";
				SWIFT_VERSION = 4.0;
			};
			name = Debug;
		};
		A5146B7E1F799A2600EE1DF7 /* Release */ = {
			isa = XCBuildConfiguration;
			buildSettings = {
				ALWAYS_SEARCH_USER_PATHS = NO;
				CLANG_ANALYZER_NONNULL = YES;
				CLANG_ANALYZER_NUMBER_OBJECT_CONVERSION = YES_AGGRESSIVE;
				CLANG_CXX_LANGUAGE_STANDARD = "gnu++0x";
				CLANG_CXX_LIBRARY = "libc++";
				CLANG_ENABLE_MODULES = YES;
				CLANG_ENABLE_OBJC_ARC = YES;
				CLANG_WARN_BOOL_CONVERSION = YES;
				CLANG_WARN_CONSTANT_CONVERSION = YES;
				CLANG_WARN_DIRECT_OBJC_ISA_USAGE = YES_ERROR;
				CLANG_WARN_DOCUMENTATION_COMMENTS = YES;
				CLANG_WARN_EMPTY_BODY = YES;
				CLANG_WARN_ENUM_CONVERSION = YES;
				CLANG_WARN_INFINITE_RECURSION = YES;
				CLANG_WARN_INT_CONVERSION = YES;
				CLANG_WARN_OBJC_ROOT_CLASS = YES_ERROR;
				CLANG_WARN_SUSPICIOUS_MOVE = YES;
				CLANG_WARN_UNREACHABLE_CODE = YES;
				CLANG_WARN__DUPLICATE_METHOD_MATCH = YES;
				"CODE_SIGN_IDENTITY[sdk=iphoneos*]" = "iPhone Developer";
				COPY_PHASE_STRIP = NO;
				DEBUG_INFORMATION_FORMAT = "dwarf-with-dsym";
				ENABLE_NS_ASSERTIONS = NO;
				ENABLE_STRICT_OBJC_MSGSEND = YES;
				GCC_C_LANGUAGE_STANDARD = gnu99;
				GCC_NO_COMMON_BLOCKS = YES;
				GCC_WARN_64_TO_32_BIT_CONVERSION = YES;
				GCC_WARN_ABOUT_RETURN_TYPE = YES_ERROR;
				GCC_WARN_UNDECLARED_SELECTOR = YES;
				GCC_WARN_UNINITIALIZED_AUTOS = YES_AGGRESSIVE;
				GCC_WARN_UNUSED_FUNCTION = YES;
				GCC_WARN_UNUSED_VARIABLE = YES;
				IPHONEOS_DEPLOYMENT_TARGET = 11.0;
				MTL_ENABLE_DEBUG_INFO = NO;
				SDKROOT = iphoneos;
				SWIFT_OPTIMIZATION_LEVEL = "-Owholemodule";
				SWIFT_VERSION = 4.0;
				VALIDATE_PRODUCT = YES;
			};
			name = Release;
		};
		A5146B801F799A2600EE1DF7 /* Debug */ = {
			isa = XCBuildConfiguration;
			baseConfigurationReference = 360C7B016505B4E9406C0A73 /* Pods-WeatherRxAbstract-WeatherRx.debug.xcconfig */;
			buildSettings = {
				ASSETCATALOG_COMPILER_APPICON_NAME = AppIcon;
				DEVELOPMENT_TEAM = UY3JE2JN3T;
				INFOPLIST_FILE = WeatherRx/Info.plist;
				IPHONEOS_DEPLOYMENT_TARGET = 10.3;
				LD_RUNPATH_SEARCH_PATHS = "$(inherited) @executable_path/Frameworks";
				PRODUCT_BUNDLE_IDENTIFIER = beida.ca.WeatherRx;
				PRODUCT_NAME = "$(TARGET_NAME)";
				SWIFT_VERSION = 4.0;
			};
			name = Debug;
		};
		A5146B811F799A2600EE1DF7 /* Release */ = {
			isa = XCBuildConfiguration;
			baseConfigurationReference = D1B15C38F4FB65FDE90B441B /* Pods-WeatherRxAbstract-WeatherRx.release.xcconfig */;
			buildSettings = {
				ASSETCATALOG_COMPILER_APPICON_NAME = AppIcon;
				DEVELOPMENT_TEAM = UY3JE2JN3T;
				INFOPLIST_FILE = WeatherRx/Info.plist;
				IPHONEOS_DEPLOYMENT_TARGET = 10.3;
				LD_RUNPATH_SEARCH_PATHS = "$(inherited) @executable_path/Frameworks";
				PRODUCT_BUNDLE_IDENTIFIER = beida.ca.WeatherRx;
				PRODUCT_NAME = "$(TARGET_NAME)";
				SWIFT_VERSION = 4.0;
			};
			name = Release;
		};
		A5146B831F799A2600EE1DF7 /* Debug */ = {
			isa = XCBuildConfiguration;
			baseConfigurationReference = F8B7654109F9B065AABEBF85 /* Pods-WeatherRxAbstract-WeatherRxTests.debug.xcconfig */;
			buildSettings = {
				ALWAYS_EMBED_SWIFT_STANDARD_LIBRARIES = YES;
				BUNDLE_LOADER = "$(TEST_HOST)";
				DEVELOPMENT_TEAM = UY3JE2JN3T;
				INFOPLIST_FILE = WeatherRxTests/Info.plist;
				LD_RUNPATH_SEARCH_PATHS = "$(inherited) @executable_path/Frameworks @loader_path/Frameworks";
				PRODUCT_BUNDLE_IDENTIFIER = beida.ca.WeatherRxTests;
				PRODUCT_NAME = "$(TARGET_NAME)";
				SWIFT_VERSION = 4.0;
				TEST_HOST = "$(BUILT_PRODUCTS_DIR)/WeatherRx.app/WeatherRx";
			};
			name = Debug;
		};
		A5146B841F799A2600EE1DF7 /* Release */ = {
			isa = XCBuildConfiguration;
			baseConfigurationReference = D8B657AC5C4EC89E541099AB /* Pods-WeatherRxAbstract-WeatherRxTests.release.xcconfig */;
			buildSettings = {
				ALWAYS_EMBED_SWIFT_STANDARD_LIBRARIES = YES;
				BUNDLE_LOADER = "$(TEST_HOST)";
				DEVELOPMENT_TEAM = UY3JE2JN3T;
				INFOPLIST_FILE = WeatherRxTests/Info.plist;
				LD_RUNPATH_SEARCH_PATHS = "$(inherited) @executable_path/Frameworks @loader_path/Frameworks";
				PRODUCT_BUNDLE_IDENTIFIER = beida.ca.WeatherRxTests;
				PRODUCT_NAME = "$(TARGET_NAME)";
				SWIFT_VERSION = 4.0;
				TEST_HOST = "$(BUILT_PRODUCTS_DIR)/WeatherRx.app/WeatherRx";
			};
			name = Release;
		};
/* End XCBuildConfiguration section */

/* Begin XCConfigurationList section */
		A5146B5D1F799A2500EE1DF7 /* Build configuration list for PBXProject "WeatherRx" */ = {
			isa = XCConfigurationList;
			buildConfigurations = (
				A5146B7D1F799A2600EE1DF7 /* Debug */,
				A5146B7E1F799A2600EE1DF7 /* Release */,
			);
			defaultConfigurationIsVisible = 0;
			defaultConfigurationName = Release;
		};
		A5146B7F1F799A2600EE1DF7 /* Build configuration list for PBXNativeTarget "WeatherRx" */ = {
			isa = XCConfigurationList;
			buildConfigurations = (
				A5146B801F799A2600EE1DF7 /* Debug */,
				A5146B811F799A2600EE1DF7 /* Release */,
			);
			defaultConfigurationIsVisible = 0;
			defaultConfigurationName = Release;
		};
		A5146B821F799A2600EE1DF7 /* Build configuration list for PBXNativeTarget "WeatherRxTests" */ = {
			isa = XCConfigurationList;
			buildConfigurations = (
				A5146B831F799A2600EE1DF7 /* Debug */,
				A5146B841F799A2600EE1DF7 /* Release */,
			);
			defaultConfigurationIsVisible = 0;
			defaultConfigurationName = Release;
		};
/* End XCConfigurationList section */
	};
	rootObject = A5146B5A1F799A2500EE1DF7 /* Project object */;
}
